<Solution>
  <Folder Name="/src/">
    <Project Path="src/Kuestenlogik.Akka.Streams.Surgewave/Kuestenlogik.Akka.Streams.Surgewave.csproj" />
  </Folder>
  <Folder Name="/tests/">
    <Project Path="tests/Kuestenlogik.Akka.Streams.Surgewave.Tests/Kuestenlogik.Akka.Streams.Surgewave.Tests.csproj" />
  </Folder>
</Solution>
